
Microsoft Visual Studio Solution File, Format Version 12.00
# Visual Studio Version 17
VisualStudioVersion = 17.14.36705.20
MinimumVisualStudioVersion = 10.0.40219.1
Project("{FAE04EC0-301F-11D3-BF4B-00C04F79EFBC}") = "LeaveLibrary", "LeaveLibrary\LeaveLibrary.csproj", "{6410C50B-FADF-D72F-92E3-ACA973DC609F}"
EndProject
Project("{FAE04EC0-301F-11D3-BF4B-00C04F79EFBC}") = "LeaveApi", "LeaveApi\LeaveApi.csproj", "{CBCE1E23-9558-4D95-ABAC-D40389E7FCDE}"
EndProject
Project("{E24C65DC-7377-472B-9ABA-BC803B73C61A}") = "employee-leave-system", "..\Project 6\employee-leave-system\", "{DF99E233-9CF7-9117-41B8-E7676D7667CB}"
	ProjectSection(WebsiteProperties) = preProject
		TargetFrameworkMoniker = ".NETFramework,Version%3Dv4.0"
		Debug.AspNetCompiler.VirtualPath = "/localhost_62714"
		Debug.AspNetCompiler.PhysicalPath = "..\Project 6\employee-leave-system\"
		Debug.AspNetCompiler.TargetPath = "PrecompiledWeb\localhost_62714\"
		Debug.AspNetCompiler.Updateable = "true"
		Debug.AspNetCompiler.ForceOverwrite = "true"
		Debug.AspNetCompiler.FixedNames = "false"
		Debug.AspNetCompiler.Debug = "True"
		Release.AspNetCompiler.VirtualPath = "/localhost_62714"
		Release.AspNetCompiler.PhysicalPath = "..\Project 6\employee-leave-system\"
		Release.AspNetCompiler.TargetPath = "PrecompiledWeb\localhost_62714\"
		Release.AspNetCompiler.Updateable = "true"
		Release.AspNetCompiler.ForceOverwrite = "true"
		Release.AspNetCompiler.FixedNames = "false"
		Release.AspNetCompiler.Debug = "False"
		VWDPort = "62714"
	EndProjectSection
EndProject
Global
	GlobalSection(SolutionConfigurationPlatforms) = preSolution
		Debug|Any CPU = Debug|Any CPU
		Release|Any CPU = Release|Any CPU
	EndGlobalSection
	GlobalSection(ProjectConfigurationPlatforms) = postSolution
		{6410C50B-FADF-D72F-92E3-ACA973DC609F}.Debug|Any CPU.ActiveCfg = Debug|Any CPU
		{6410C50B-FADF-D72F-92E3-ACA973DC609F}.Debug|Any CPU.Build.0 = Debug|Any CPU
		{6410C50B-FADF-D72F-92E3-ACA973DC609F}.Release|Any CPU.ActiveCfg = Release|Any CPU
		{6410C50B-FADF-D72F-92E3-ACA973DC609F}.Release|Any CPU.Build.0 = Release|Any CPU
		{CBCE1E23-9558-4D95-ABAC-D40389E7FCDE}.Debug|Any CPU.ActiveCfg = Debug|Any CPU
		{CBCE1E23-9558-4D95-ABAC-D40389E7FCDE}.Debug|Any CPU.Build.0 = Debug|Any CPU
		{CBCE1E23-9558-4D95-ABAC-D40389E7FCDE}.Release|Any CPU.ActiveCfg = Release|Any CPU
		{CBCE1E23-9558-4D95-ABAC-D40389E7FCDE}.Release|Any CPU.Build.0 = Release|Any CPU
		{DF99E233-9CF7-9117-41B8-E7676D7667CB}.Debug|Any CPU.ActiveCfg = Debug|Any CPU
		{DF99E233-9CF7-9117-41B8-E7676D7667CB}.Debug|Any CPU.Build.0 = Debug|Any CPU
		{DF99E233-9CF7-9117-41B8-E7676D7667CB}.Release|Any CPU.ActiveCfg = Debug|Any CPU
		{DF99E233-9CF7-9117-41B8-E7676D7667CB}.Release|Any CPU.Build.0 = Debug|Any CPU
	EndGlobalSection
	GlobalSection(SolutionProperties) = preSolution
		HideSolutionNode = FALSE
	EndGlobalSection
	GlobalSection(ExtensibilityGlobals) = postSolution
		SolutionGuid = {FBD6FF75-19C5-4007-8F2B-26E090E3929D}
	EndGlobalSection
EndGlobal
